
Microsoft Visual Studio Solution File, Format Version 12.00
# Visual Studio 15
VisualStudioVersion = 15.0.26730.16
MinimumVisualStudioVersion = 10.0.40219.1
Project("{FAE04EC0-301F-11D3-BF4B-00C04F79EFBC}") = "SnakeWPF", "SnakeWPF\SnakeWPF.csproj", "{4AA87E02-F5C7-4E78-B83C-9B846E80E321}"
EndProject
Global
	GlobalSection(SolutionConfigurationPlatforms) = preSolution
		Debug|Any CPU = Debug|Any CPU
		Release|Any CPU = Release|Any CPU
	EndGlobalSection
	GlobalSection(ProjectConfigurationPlatforms) = postSolution
		{4AA87E02-F5C7-4E78-B83C-9B846E80E321}.Debug|Any CPU.ActiveCfg = Debug|Any CPU
		{4AA87E02-F5C7-4E78-B83C-9B846E80E321}.Debug|Any CPU.Build.0 = Debug|Any CPU
		{4AA87E02-F5C7-4E78-B83C-9B846E80E321}.Release|Any CPU.ActiveCfg = Release|Any CPU
		{4AA87E02-F5C7-4E78-B83C-9B846E80E321}.Release|Any CPU.Build.0 = Release|Any CPU
	EndGlobalSection
	GlobalSection(SolutionProperties) = preSolution
		HideSolutionNode = FALSE
	EndGlobalSection
	GlobalSection(ExtensibilityGlobals) = postSolution
		SolutionGuid = {F8892A36-F640-4494-839A-07E0AA47D953}
	EndGlobalSection
EndGlobal
